
Microsoft Visual Studio Solution File, Format Version 12.00
# Visual Studio Version 17
VisualStudioVersion = 17.6.33815.320
MinimumVisualStudioVersion = 10.0.40219.1
Project("{9A19103F-16F7-4668-BE54-9A1E7A4F7556}") = "IDE", "IDE\IDE.csproj", "{FEF239F4-2450-4ADF-BB84-76BB6DDAA582}"
EndProject
Project("{2150E333-8FDC-42A3-9474-1A3956D46DE8}") = "Shared", "Shared", "{565E2479-B9F4-4510-8F9A-2BAD7429F120}"
EndProject
Project("{9A19103F-16F7-4668-BE54-9A1E7A4F7556}") = "Slang.IDE.Shared", "Slang.IDE.Shared\Slang.IDE.Shared.csproj", "{04EF0D17-4F85-4999-B04E-AA8FD1400164}"
EndProject
Project("{2150E333-8FDC-42A3-9474-1A3956D46DE8}") = "Tests", "Tests", "{85EF26AD-D848-4DC6-9E81-6D6D408EF72C}"
EndProject
Global
	GlobalSection(SolutionConfigurationPlatforms) = preSolution
		Debug|Any CPU = Debug|Any CPU
		Release|Any CPU = Release|Any CPU
	EndGlobalSection
	GlobalSection(ProjectConfigurationPlatforms) = postSolution
		{FEF239F4-2450-4ADF-BB84-76BB6DDAA582}.Debug|Any CPU.ActiveCfg = Debug|Any CPU
		{FEF239F4-2450-4ADF-BB84-76BB6DDAA582}.Debug|Any CPU.Build.0 = Debug|Any CPU
		{FEF239F4-2450-4ADF-BB84-76BB6DDAA582}.Release|Any CPU.ActiveCfg = Release|Any CPU
		{FEF239F4-2450-4ADF-BB84-76BB6DDAA582}.Release|Any CPU.Build.0 = Release|Any CPU
		{04EF0D17-4F85-4999-B04E-AA8FD1400164}.Debug|Any CPU.ActiveCfg = Debug|Any CPU
		{04EF0D17-4F85-4999-B04E-AA8FD1400164}.Debug|Any CPU.Build.0 = Debug|Any CPU
		{04EF0D17-4F85-4999-B04E-AA8FD1400164}.Release|Any CPU.ActiveCfg = Release|Any CPU
		{04EF0D17-4F85-4999-B04E-AA8FD1400164}.Release|Any CPU.Build.0 = Release|Any CPU
	EndGlobalSection
	GlobalSection(SolutionProperties) = preSolution
		HideSolutionNode = FALSE
	EndGlobalSection
	GlobalSection(NestedProjects) = preSolution
		{04EF0D17-4F85-4999-B04E-AA8FD1400164} = {565E2479-B9F4-4510-8F9A-2BAD7429F120}
	EndGlobalSection
	GlobalSection(ExtensibilityGlobals) = postSolution
		SolutionGuid = {56AEF781-D6A9-4AF9-912B-35171F66E4B5}
	EndGlobalSection
EndGlobal
