
Microsoft Visual Studio Solution File, Format Version 12.00
# Visual Studio Version 17
VisualStudioVersion = 17.6.33815.320
MinimumVisualStudioVersion = 10.0.40219.1
Project("{9A19103F-16F7-4668-BE54-9A1E7A4F7556}") = "IDE", "IDE\IDE.csproj", "{FEF239F4-2450-4ADF-BB84-76BB6DDAA582}"
EndProject
Project("{2150E333-8FDC-42A3-9474-1A3956D46DE8}") = "Shared", "Shared", "{565E2479-B9F4-4510-8F9A-2BAD7429F120}"
EndProject
Project("{9A19103F-16F7-4668-BE54-9A1E7A4F7556}") = "Slang.IDE.Shared", "Slang.IDE.Shared\Slang.IDE.Shared.csproj", "{04EF0D17-4F85-4999-B04E-AA8FD1400164}"
EndProject
Project("{2150E333-8FDC-42A3-9474-1A3956D46DE8}") = "Tests", "Tests", "{85EF26AD-D848-4DC6-9E81-6D6D408EF72C}"
EndProject
Project("{2150E333-8FDC-42A3-9474-1A3956D46DE8}") = "Application", "Application", "{F51EDA7C-E2A5-4A4A-920E-A68A77DF60C0}"
EndProject
Project("{9A19103F-16F7-4668-BE54-9A1E7A4F7556}") = "SlangMiddleware", "SlangMiddleware\SlangMiddleware.csproj", "{C08EFE91-2DED-47C2-BC0D-A3662E9C7B00}"
EndProject
Project("{2150E333-8FDC-42A3-9474-1A3956D46DE8}") = "Infrastructure", "Infrastructure", "{E6367072-28D4-4AF9-B804-8AD68164A4A0}"
EndProject
Project("{9A19103F-16F7-4668-BE54-9A1E7A4F7556}") = "Slang.IDE.Interpreter", "Slang.IDE.Interpreter\Slang.IDE.Interpreter.csproj", "{D5DB4C9B-8F12-47F9-9843-A26385336F56}"
EndProject
Project("{9A19103F-16F7-4668-BE54-9A1E7A4F7556}") = "Slang.IDE.Interpreter.Tests", "Slang.IDE.Interpreter.Tests\Slang.IDE.Interpreter.Tests.csproj", "{80FB5433-3857-40BB-8108-E71CE5A187AE}"
EndProject
Project("{2150E333-8FDC-42A3-9474-1A3956D46DE8}") = "Tools", "Tools", "{3308EB6A-3BCA-4266-B603-9DE232EA8D80}"
EndProject
Project("{FAE04EC0-301F-11D3-BF4B-00C04F79EFBC}") = "Slang.IDE.Tools.GUIDGenerator", "Slang.IDE.Tools.GUIDGenerator\Slang.IDE.Tools.GUIDGenerator.csproj", "{BC942F14-22BE-42CF-B4BF-9290BD1B5E2A}"
EndProject
Global
	GlobalSection(SolutionConfigurationPlatforms) = preSolution
		Debug|Any CPU = Debug|Any CPU
		Release|Any CPU = Release|Any CPU
	EndGlobalSection
	GlobalSection(ProjectConfigurationPlatforms) = postSolution
		{FEF239F4-2450-4ADF-BB84-76BB6DDAA582}.Debug|Any CPU.ActiveCfg = Debug|Any CPU
		{FEF239F4-2450-4ADF-BB84-76BB6DDAA582}.Debug|Any CPU.Build.0 = Debug|Any CPU
		{FEF239F4-2450-4ADF-BB84-76BB6DDAA582}.Release|Any CPU.ActiveCfg = Release|Any CPU
		{FEF239F4-2450-4ADF-BB84-76BB6DDAA582}.Release|Any CPU.Build.0 = Release|Any CPU
		{04EF0D17-4F85-4999-B04E-AA8FD1400164}.Debug|Any CPU.ActiveCfg = Debug|Any CPU
		{04EF0D17-4F85-4999-B04E-AA8FD1400164}.Debug|Any CPU.Build.0 = Debug|Any CPU
		{04EF0D17-4F85-4999-B04E-AA8FD1400164}.Release|Any CPU.ActiveCfg = Release|Any CPU
		{04EF0D17-4F85-4999-B04E-AA8FD1400164}.Release|Any CPU.Build.0 = Release|Any CPU
		{C08EFE91-2DED-47C2-BC0D-A3662E9C7B00}.Debug|Any CPU.ActiveCfg = Debug|Any CPU
		{C08EFE91-2DED-47C2-BC0D-A3662E9C7B00}.Debug|Any CPU.Build.0 = Debug|Any CPU
		{C08EFE91-2DED-47C2-BC0D-A3662E9C7B00}.Release|Any CPU.ActiveCfg = Release|Any CPU
		{C08EFE91-2DED-47C2-BC0D-A3662E9C7B00}.Release|Any CPU.Build.0 = Release|Any CPU
		{D5DB4C9B-8F12-47F9-9843-A26385336F56}.Debug|Any CPU.ActiveCfg = Debug|Any CPU
		{D5DB4C9B-8F12-47F9-9843-A26385336F56}.Debug|Any CPU.Build.0 = Debug|Any CPU
		{D5DB4C9B-8F12-47F9-9843-A26385336F56}.Release|Any CPU.ActiveCfg = Release|Any CPU
		{D5DB4C9B-8F12-47F9-9843-A26385336F56}.Release|Any CPU.Build.0 = Release|Any CPU
		{80FB5433-3857-40BB-8108-E71CE5A187AE}.Debug|Any CPU.ActiveCfg = Debug|Any CPU
		{80FB5433-3857-40BB-8108-E71CE5A187AE}.Debug|Any CPU.Build.0 = Debug|Any CPU
		{80FB5433-3857-40BB-8108-E71CE5A187AE}.Release|Any CPU.ActiveCfg = Release|Any CPU
		{80FB5433-3857-40BB-8108-E71CE5A187AE}.Release|Any CPU.Build.0 = Release|Any CPU
		{BC942F14-22BE-42CF-B4BF-9290BD1B5E2A}.Debug|Any CPU.ActiveCfg = Debug|Any CPU
		{BC942F14-22BE-42CF-B4BF-9290BD1B5E2A}.Debug|Any CPU.Build.0 = Debug|Any CPU
		{BC942F14-22BE-42CF-B4BF-9290BD1B5E2A}.Release|Any CPU.ActiveCfg = Release|Any CPU
		{BC942F14-22BE-42CF-B4BF-9290BD1B5E2A}.Release|Any CPU.Build.0 = Release|Any CPU
	EndGlobalSection
	GlobalSection(SolutionProperties) = preSolution
		HideSolutionNode = FALSE
	EndGlobalSection
	GlobalSection(NestedProjects) = preSolution
		{04EF0D17-4F85-4999-B04E-AA8FD1400164} = {565E2479-B9F4-4510-8F9A-2BAD7429F120}
		{C08EFE91-2DED-47C2-BC0D-A3662E9C7B00} = {F51EDA7C-E2A5-4A4A-920E-A68A77DF60C0}
		{D5DB4C9B-8F12-47F9-9843-A26385336F56} = {E6367072-28D4-4AF9-B804-8AD68164A4A0}
		{80FB5433-3857-40BB-8108-E71CE5A187AE} = {85EF26AD-D848-4DC6-9E81-6D6D408EF72C}
		{3308EB6A-3BCA-4266-B603-9DE232EA8D80} = {F51EDA7C-E2A5-4A4A-920E-A68A77DF60C0}
		{BC942F14-22BE-42CF-B4BF-9290BD1B5E2A} = {3308EB6A-3BCA-4266-B603-9DE232EA8D80}
	EndGlobalSection
	GlobalSection(ExtensibilityGlobals) = postSolution
		SolutionGuid = {56AEF781-D6A9-4AF9-912B-35171F66E4B5}
	EndGlobalSection
EndGlobal
